Microsoft Visual Studio Solution File, Format Version 11.00
# Visual Studio 2010
Project("{F184B08F-C81C-45F6-A57F-5ABD9991F28F}") = "ThemeHelperVB", "RibbonControl_Ex\ThemeHelperVB.vbproj", "{515B0B76-8575-4727-92A4-D9C47D4958F9}"
EndProject
Global
	GlobalSection(SolutionConfigurationPlatforms) = preSolution
		Debug|Any CPU = Debug|Any CPU
		Release|Any CPU = Release|Any CPU
	EndGlobalSection
	GlobalSection(ProjectConfigurationPlatforms) = postSolution
		{515B0B76-8575-4727-92A4-D9C47D4958F9}.Debug|Any CPU.ActiveCfg = Debug|Any CPU
		{515B0B76-8575-4727-92A4-D9C47D4958F9}.Debug|Any CPU.Build.0 = Debug|Any CPU
		{515B0B76-8575-4727-92A4-D9C47D4958F9}.Release|Any CPU.ActiveCfg = Release|Any CPU
		{515B0B76-8575-4727-92A4-D9C47D4958F9}.Release|Any CPU.Build.0 = Release|Any CPU
	EndGlobalSection
	GlobalSection(SolutionProperties) = preSolution
		HideSolutionNode = FALSE
	EndGlobalSection
EndGlobal
